{
  "version": "5",
  "specifiers": {
    "jsr:@std/assert@1": "1.0.9",
    "jsr:@std/internal@^1.0.5": "1.0.5",
    "npm:cspell@^8.16.1": "8.19.4",
    "npm:lefthook@^1.9.2": "1.9.2",
    "npm:tsdown@~0.14.2": "0.14.2_typescript@5.7.2_rolldown@1.0.0-beta.36",
    "npm:typescript@^5.7.2": "5.7.2"
  },
  "jsr": {
    "@std/assert@1.0.9": {
      "integrity": "a9f0c611a869cc791b26f523eec54c7e187aab7932c2c8e8bea0622d13680dcd",
      "dependencies": [
        "jsr:@std/internal"
      ]
    },
    "@std/internal@1.0.5": {
      "integrity": "54a546004f769c1ac9e025abd15a76b6671ddc9687e2313b67376125650dc7ba"
    }
  },
  "npm": {
    "@babel/generator@7.28.3": {
      "integrity": "sha512-3lSpxGgvnmZznmBkCRnVREPUFJv2wrv9iAoFDvADJc0ypmdOxdUtcLeBgBJ6zE0PMeTKnxeQzyk0xTBq4Ep7zw==",
      "dependencies": [
        "@babel/parser",
        "@babel/types",
        "@jridgewell/gen-mapping",
        "@jridgewell/trace-mapping",
        "jsesc"
      ]
    },
    "@babel/helper-string-parser@7.27.1": {
      "integrity": "sha512-qMlSxKbpRlAridDExk92nSobyDdpPijUq2DW6oDnUqd0iOGxmQjyqhMIihI9+zv4LPyZdRje2cavWPbCbWm3eA=="
    },
    "@babel/helper-validator-identifier@7.27.1": {
      "integrity": "sha512-D2hP9eA+Sqx1kBZgzxZh0y1trbuU+JoDkiEwqhQ36nodYqJwyEIhPSdMNd7lOm/4io72luTPWH20Yda0xOuUow=="
    },
    "@babel/parser@7.28.4": {
      "integrity": "sha512-yZbBqeM6TkpP9du/I2pUZnJsRMGGvOuIrhjzC1AwHwW+6he4mni6Bp/m8ijn0iOuZuPI2BfkCoSRunpyjnrQKg==",
      "dependencies": [
        "@babel/types"
      ],
      "bin": true
    },
    "@babel/types@7.28.4": {
      "integrity": "sha512-bkFqkLhh3pMBUQQkpVgWDWq/lqzc2678eUyDlTBhRqhCHFguYYGM0Efga7tYk4TogG/3x0EEl66/OQ+WGbWB/Q==",
      "dependencies": [
        "@babel/helper-string-parser",
        "@babel/helper-validator-identifier"
      ]
    },
    "@cspell/cspell-bundled-dicts@8.19.4_@cspell+dict-css@4.0.18_@cspell+dict-html@4.0.12_@cspell+dict-html-symbol-entities@4.0.4_@cspell+dict-typescript@3.2.3": {
      "integrity": "sha512-2ZRcZP/ncJ5q953o8i+R0fb8+14PDt5UefUNMrFZZHvfTI0jukAASOQeLY+WT6ASZv6CgbPrApAdbppy9FaXYQ==",
      "dependencies": [
        "@cspell/dict-ada",
        "@cspell/dict-al",
        "@cspell/dict-aws",
        "@cspell/dict-bash",
        "@cspell/dict-companies",
        "@cspell/dict-cpp",
        "@cspell/dict-cryptocurrencies",
        "@cspell/dict-csharp",
        "@cspell/dict-css",
        "@cspell/dict-dart",
        "@cspell/dict-data-science",
        "@cspell/dict-django",
        "@cspell/dict-docker",
        "@cspell/dict-dotnet",
        "@cspell/dict-elixir",
        "@cspell/dict-en-common-misspellings",
        "@cspell/dict-en-gb",
        "@cspell/dict-en_us",
        "@cspell/dict-filetypes",
        "@cspell/dict-flutter",
        "@cspell/dict-fonts",
        "@cspell/dict-fsharp",
        "@cspell/dict-fullstack",
        "@cspell/dict-gaming-terms",
        "@cspell/dict-git",
        "@cspell/dict-golang",
        "@cspell/dict-google",
        "@cspell/dict-haskell",
        "@cspell/dict-html",
        "@cspell/dict-html-symbol-entities",
        "@cspell/dict-java",
        "@cspell/dict-julia",
        "@cspell/dict-k8s",
        "@cspell/dict-kotlin",
        "@cspell/dict-latex",
        "@cspell/dict-lorem-ipsum",
        "@cspell/dict-lua",
        "@cspell/dict-makefile",
        "@cspell/dict-markdown",
        "@cspell/dict-monkeyc",
        "@cspell/dict-node",
        "@cspell/dict-npm",
        "@cspell/dict-php",
        "@cspell/dict-powershell",
        "@cspell/dict-public-licenses",
        "@cspell/dict-python",
        "@cspell/dict-r",
        "@cspell/dict-ruby",
        "@cspell/dict-rust",
        "@cspell/dict-scala",
        "@cspell/dict-shell",
        "@cspell/dict-software-terms",
        "@cspell/dict-sql",
        "@cspell/dict-svelte",
        "@cspell/dict-swift",
        "@cspell/dict-terraform",
        "@cspell/dict-typescript",
        "@cspell/dict-vue"
      ]
    },
    "@cspell/cspell-json-reporter@8.19.4": {
      "integrity": "sha512-pOlUtLUmuDdTIOhDTvWxxta0Wm8RCD/p1V0qUqeP6/Ups1ajBI4FWEpRFd7yMBTUHeGeSNicJX5XeX7wNbAbLQ==",
      "dependencies": [
        "@cspell/cspell-types"
      ]
    },
    "@cspell/cspell-pipe@8.19.4": {
      "integrity": "sha512-GNAyk+7ZLEcL2fCMT5KKZprcdsq3L1eYy3e38/tIeXfbZS7Sd1R5FXUe6CHXphVWTItV39TvtLiDwN/2jBts9A=="
    },
    "@cspell/cspell-resolver@8.19.4": {
      "integrity": "sha512-S8vJMYlsx0S1D60glX8H2Jbj4mD8519VjyY8lu3fnhjxfsl2bDFZvF3ZHKsLEhBE+Wh87uLqJDUJQiYmevHjDg==",
      "dependencies": [
        "global-directory"
      ]
    },
    "@cspell/cspell-service-bus@8.19.4": {
      "integrity": "sha512-uhY+v8z5JiUogizXW2Ft/gQf3eWrh5P9036jN2Dm0UiwEopG/PLshHcDjRDUiPdlihvA0RovrF0wDh4ptcrjuQ=="
    },
    "@cspell/cspell-types@8.19.4": {
      "integrity": "sha512-ekMWuNlFiVGfsKhfj4nmc8JCA+1ZltwJgxiKgDuwYtR09ie340RfXFF6YRd2VTW5zN7l4F1PfaAaPklVz6utSg=="
    },
    "@cspell/dict-ada@4.1.1": {
      "integrity": "sha512-E+0YW9RhZod/9Qy2gxfNZiHJjCYFlCdI69br1eviQQWB8yOTJX0JHXLs79kOYhSW0kINPVUdvddEBe6Lu6CjGQ=="
    },
    "@cspell/dict-al@1.1.1": {
      "integrity": "sha512-sD8GCaZetgQL4+MaJLXqbzWcRjfKVp8x+px3HuCaaiATAAtvjwUQ5/Iubiqwfd1boIh2Y1/3EgM3TLQ7Q8e0wQ=="
    },
    "@cspell/dict-aws@4.0.15": {
      "integrity": "sha512-aPY7VVR5Os4rz36EaqXBAEy14wR4Rqv+leCJ2Ug/Gd0IglJpM30LalF3e2eJChnjje3vWoEC0Rz3+e5gpZG+Kg=="
    },
    "@cspell/dict-bash@4.2.1": {
      "integrity": "sha512-SBnzfAyEAZLI9KFS7DUG6Xc1vDFuLllY3jz0WHvmxe8/4xV3ufFE3fGxalTikc1VVeZgZmxYiABw4iGxVldYEg==",
      "dependencies": [
        "@cspell/dict-shell"
      ]
    },
    "@cspell/dict-companies@3.2.5": {
      "integrity": "sha512-H51R0w7c6RwJJPqH7Gs65tzP6ouZsYDEHmmol6MIIk0kQaOIBuFP2B3vIxHLUr2EPRVFZsMW8Ni7NmVyaQlwsg=="
    },
    "@cspell/dict-cpp@6.0.12": {
      "integrity": "sha512-N4NsCTttVpMqQEYbf0VQwCj6np+pJESov0WieCN7R/0aByz4+MXEiDieWWisaiVi8LbKzs1mEj4ZTw5K/6O2UQ=="
    },
    "@cspell/dict-cryptocurrencies@5.0.5": {
      "integrity": "sha512-R68hYYF/rtlE6T/dsObStzN5QZw+0aQBinAXuWCVqwdS7YZo0X33vGMfChkHaiCo3Z2+bkegqHlqxZF4TD3rUA=="
    },
    "@cspell/dict-csharp@4.0.7": {
      "integrity": "sha512-H16Hpu8O/1/lgijFt2lOk4/nnldFtQ4t8QHbyqphqZZVE5aS4J/zD/WvduqnLY21aKhZS6jo/xF5PX9jyqPKUA=="
    },
    "@cspell/dict-css@4.0.18": {
      "integrity": "sha512-EF77RqROHL+4LhMGW5NTeKqfUd/e4OOv6EDFQ/UQQiFyWuqkEKyEz0NDILxOFxWUEVdjT2GQ2cC7t12B6pESwg=="
    },
    "@cspell/dict-dart@2.3.1": {
      "integrity": "sha512-xoiGnULEcWdodXI6EwVyqpZmpOoh8RA2Xk9BNdR7DLamV/QMvEYn8KJ7NlRiTSauJKPNkHHQ5EVHRM6sTS7jdg=="
    },
    "@cspell/dict-data-science@2.0.9": {
      "integrity": "sha512-wTOFMlxv06veIwKdXUwdGxrQcK44Zqs426m6JGgHIB/GqvieZQC5n0UI+tUm5OCxuNyo4OV6mylT4cRMjtKtWQ=="
    },
    "@cspell/dict-django@4.1.5": {
      "integrity": "sha512-AvTWu99doU3T8ifoMYOMLW2CXKvyKLukPh1auOPwFGHzueWYvBBN+OxF8wF7XwjTBMMeRleVdLh3aWCDEX/ZWg=="
    },
    "@cspell/dict-docker@1.1.16": {
      "integrity": "sha512-UiVQ5RmCg6j0qGIxrBnai3pIB+aYKL3zaJGvXk1O/ertTKJif9RZikKXCEgqhaCYMweM4fuLqWSVmw3hU164Iw=="
    },
    "@cspell/dict-dotnet@5.0.10": {
      "integrity": "sha512-ooar8BP/RBNP1gzYfJPStKEmpWy4uv/7JCq6FOnJLeD1yyfG3d/LFMVMwiJo+XWz025cxtkM3wuaikBWzCqkmg=="
    },
    "@cspell/dict-elixir@4.0.8": {
      "integrity": "sha512-CyfphrbMyl4Ms55Vzuj+mNmd693HjBFr9hvU+B2YbFEZprE5AG+EXLYTMRWrXbpds4AuZcvN3deM2XVB80BN/Q=="
    },
    "@cspell/dict-en-common-misspellings@2.1.6": {
      "integrity": "sha512-xV9yryOqZizbSqxRS7kSVRrxVEyWHUqwdY56IuT7eAWGyTCJNmitXzXa4p+AnEbhL+AB2WLynGVSbNoUC3ceFA=="
    },
    "@cspell/dict-en-gb@1.1.33": {
      "integrity": "sha512-tKSSUf9BJEV+GJQAYGw5e+ouhEe2ZXE620S7BLKe3ZmpnjlNG9JqlnaBhkIMxKnNFkLY2BP/EARzw31AZnOv4g=="
    },
    "@cspell/dict-en_us@4.4.19": {
      "integrity": "sha512-JYYgzhGqSGuIMNY1cTlmq3zrNpehrExMHqLmLnSM2jEGFeHydlL+KLBwBYxMy4e73w+p1+o/rmAiGsMj9g3MCw=="
    },
    "@cspell/dict-filetypes@3.0.13": {
      "integrity": "sha512-g6rnytIpQlMNKGJT1JKzWkC+b3xCliDKpQ3ANFSq++MnR4GaLiifaC4JkVON11Oh/UTplYOR1nY3BR4X30bswA=="
    },
    "@cspell/dict-flutter@1.1.1": {
      "integrity": "sha512-UlOzRcH2tNbFhZmHJN48Za/2/MEdRHl2BMkCWZBYs+30b91mWvBfzaN4IJQU7dUZtowKayVIF9FzvLZtZokc5A=="
    },
    "@cspell/dict-fonts@4.0.5": {
      "integrity": "sha512-BbpkX10DUX/xzHs6lb7yzDf/LPjwYIBJHJlUXSBXDtK/1HaeS+Wqol4Mlm2+NAgZ7ikIE5DQMViTgBUY3ezNoQ=="
    },
    "@cspell/dict-fsharp@1.1.1": {
      "integrity": "sha512-imhs0u87wEA4/cYjgzS0tAyaJpwG7vwtC8UyMFbwpmtw+/bgss+osNfyqhYRyS/ehVCWL17Ewx2UPkexjKyaBA=="
    },
    "@cspell/dict-fullstack@3.2.7": {
      "integrity": "sha512-IxEk2YAwAJKYCUEgEeOg3QvTL4XLlyArJElFuMQevU1dPgHgzWElFevN5lsTFnvMFA1riYsVinqJJX0BanCFEg=="
    },
    "@cspell/dict-gaming-terms@1.1.2": {
      "integrity": "sha512-9XnOvaoTBscq0xuD6KTEIkk9hhdfBkkvJAIsvw3JMcnp1214OCGW8+kako5RqQ2vTZR3Tnf3pc57o7VgkM0q1Q=="
    },
    "@cspell/dict-git@3.0.7": {
      "integrity": "sha512-odOwVKgfxCQfiSb+nblQZc4ErXmnWEnv8XwkaI4sNJ7cNmojnvogYVeMqkXPjvfrgEcizEEA4URRD2Ms5PDk1w=="
    },
    "@cspell/dict-golang@6.0.23": {
      "integrity": "sha512-oXqUh/9dDwcmVlfUF5bn3fYFqbUzC46lXFQmi5emB0vYsyQXdNWsqi6/yH3uE7bdRE21nP7Yo0mR1jjFNyLamg=="
    },
    "@cspell/dict-google@1.0.9": {
      "integrity": "sha512-biL65POqialY0i4g6crj7pR6JnBkbsPovB2WDYkj3H4TuC/QXv7Pu5pdPxeUJA6TSCHI7T5twsO4VSVyRxD9CA=="
    },
    "@cspell/dict-haskell@4.0.6": {
      "integrity": "sha512-ib8SA5qgftExpYNjWhpYIgvDsZ/0wvKKxSP+kuSkkak520iPvTJumEpIE+qPcmJQo4NzdKMN8nEfaeci4OcFAQ=="
    },
    "@cspell/dict-html-symbol-entities@4.0.4": {
      "integrity": "sha512-afea+0rGPDeOV9gdO06UW183Qg6wRhWVkgCFwiO3bDupAoyXRuvupbb5nUyqSTsLXIKL8u8uXQlJ9pkz07oVXw=="
    },
    "@cspell/dict-html@4.0.12": {
      "integrity": "sha512-JFffQ1dDVEyJq6tCDWv0r/RqkdSnV43P2F/3jJ9rwLgdsOIXwQbXrz6QDlvQLVvNSnORH9KjDtenFTGDyzfCaA=="
    },
    "@cspell/dict-java@5.0.12": {
      "integrity": "sha512-qPSNhTcl7LGJ5Qp6VN71H8zqvRQK04S08T67knMq9hTA8U7G1sTKzLmBaDOFhq17vNX/+rT+rbRYp+B5Nwza1A=="
    },
    "@cspell/dict-julia@1.1.1": {
      "integrity": "sha512-WylJR9TQ2cgwd5BWEOfdO3zvDB+L7kYFm0I9u0s9jKHWQ6yKmfKeMjU9oXxTBxIufhCXm92SKwwVNAC7gjv+yA=="
    },
    "@cspell/dict-k8s@1.0.12": {
      "integrity": "sha512-2LcllTWgaTfYC7DmkMPOn9GsBWsA4DZdlun4po8s2ysTP7CPEnZc1ZfK6pZ2eI4TsZemlUQQ+NZxMe9/QutQxg=="
    },
    "@cspell/dict-kotlin@1.1.1": {
      "integrity": "sha512-J3NzzfgmxRvEeOe3qUXnSJQCd38i/dpF9/t3quuWh6gXM+krsAXP75dY1CzDmS8mrJAlBdVBeAW5eAZTD8g86Q=="
    },
    "@cspell/dict-latex@4.0.4": {
      "integrity": "sha512-YdTQhnTINEEm/LZgTzr9Voz4mzdOXH7YX+bSFs3hnkUHCUUtX/mhKgf1CFvZ0YNM2afjhQcmLaR9bDQVyYBvpA=="
    },
    "@cspell/dict-lorem-ipsum@4.0.5": {
      "integrity": "sha512-9a4TJYRcPWPBKkQAJ/whCu4uCAEgv/O2xAaZEI0n4y1/l18Yyx8pBKoIX5QuVXjjmKEkK7hi5SxyIsH7pFEK9Q=="
    },
    "@cspell/dict-lua@4.0.8": {
      "integrity": "sha512-N4PkgNDMu9JVsRu7JBS/3E/dvfItRgk9w5ga2dKq+JupP2Y3lojNaAVFhXISh4Y0a6qXDn2clA6nvnavQ/jjLA=="
    },
    "@cspell/dict-makefile@1.0.5": {
      "integrity": "sha512-4vrVt7bGiK8Rx98tfRbYo42Xo2IstJkAF4tLLDMNQLkQ86msDlYSKG1ZCk8Abg+EdNcFAjNhXIiNO+w4KflGAQ=="
    },
    "@cspell/dict-markdown@2.0.12_@cspell+dict-css@4.0.18_@cspell+dict-html@4.0.12_@cspell+dict-html-symbol-entities@4.0.4_@cspell+dict-typescript@3.2.3": {
      "integrity": "sha512-ufwoliPijAgWkD/ivAMC+A9QD895xKiJRF/fwwknQb7kt7NozTLKFAOBtXGPJAB4UjhGBpYEJVo2elQ0FCAH9A==",
      "dependencies": [
        "@cspell/dict-css",
        "@cspell/dict-html",
        "@cspell/dict-html-symbol-entities",
        "@cspell/dict-typescript"
      ]
    },
    "@cspell/dict-monkeyc@1.0.11": {
      "integrity": "sha512-7Q1Ncu0urALI6dPTrEbSTd//UK0qjRBeaxhnm8uY5fgYNFYAG+u4gtnTIo59S6Bw5P++4H3DiIDYoQdY/lha8w=="
    },
    "@cspell/dict-node@5.0.8": {
      "integrity": "sha512-AirZcN2i84ynev3p2/1NCPEhnNsHKMz9zciTngGoqpdItUb2bDt1nJBjwlsrFI78GZRph/VaqTVFwYikmncpXg=="
    },
    "@cspell/dict-npm@5.2.17": {
      "integrity": "sha512-0yp7lBXtN3CtxBrpvTu/yAuPdOHR2ucKzPxdppc3VKO068waZNpKikn1NZCzBS3dIAFGVITzUPtuTXxt9cxnSg=="
    },
    "@cspell/dict-php@4.0.15": {
      "integrity": "sha512-iepGB2gtToMWSTvybesn4/lUp4LwXcEm0s8vasJLP76WWVkq1zYjmeS+WAIzNgsuURyZ/9mGqhS0CWMuo74ODw=="
    },
    "@cspell/dict-powershell@5.0.15": {
      "integrity": "sha512-l4S5PAcvCFcVDMJShrYD0X6Huv9dcsQPlsVsBGbH38wvuN7gS7+GxZFAjTNxDmTY1wrNi1cCatSg6Pu2BW4rgg=="
    },
    "@cspell/dict-public-licenses@2.0.15": {
      "integrity": "sha512-cJEOs901H13Pfy0fl4dCD1U+xpWIMaEPq8MeYU83FfDZvellAuSo4GqWCripfIqlhns/L6+UZEIJSOZnjgy7Wg=="
    },
    "@cspell/dict-python@4.2.19": {
      "integrity": "sha512-9S2gTlgILp1eb6OJcVZeC8/Od83N8EqBSg5WHVpx97eMMJhifOzePkE0kDYjyHMtAFznCQTUu0iQEJohNQ5B0A==",
      "dependencies": [
        "@cspell/dict-data-science"
      ]
    },
    "@cspell/dict-r@2.1.1": {
      "integrity": "sha512-71Ka+yKfG4ZHEMEmDxc6+blFkeTTvgKbKAbwiwQAuKl3zpqs1Y0vUtwW2N4b3LgmSPhV3ODVY0y4m5ofqDuKMw=="
    },
    "@cspell/dict-ruby@5.0.9": {
      "integrity": "sha512-H2vMcERMcANvQshAdrVx0XoWaNX8zmmiQN11dZZTQAZaNJ0xatdJoSqY8C8uhEMW89bfgpN+NQgGuDXW2vmXEw=="
    },
    "@cspell/dict-rust@4.0.12": {
      "integrity": "sha512-z2QiH+q9UlNhobBJArvILRxV8Jz0pKIK7gqu4TgmEYyjiu1TvnGZ1tbYHeu9w3I/wOP6UMDoCBTty5AlYfW0mw=="
    },
    "@cspell/dict-scala@5.0.8": {
      "integrity": "sha512-YdftVmumv8IZq9zu1gn2U7A4bfM2yj9Vaupydotyjuc+EEZZSqAafTpvW/jKLWji2TgybM1L2IhmV0s/Iv9BTw=="
    },
    "@cspell/dict-shell@1.1.1": {
      "integrity": "sha512-T37oYxE7OV1x/1D4/13Y8JZGa1QgDCXV7AVt3HLXjn0Fe3TaNDvf5sU0fGnXKmBPqFFrHdpD3uutAQb1dlp15g=="
    },
    "@cspell/dict-software-terms@5.1.8": {
      "integrity": "sha512-iwCHLP11OmVHEX2MzE8EPxpPw7BelvldxWe5cJ3xXIDL8TjF2dBTs2noGcrqnZi15SLYIlO8897BIOa33WHHZA=="
    },
    "@cspell/dict-sql@2.2.1": {
      "integrity": "sha512-qDHF8MpAYCf4pWU8NKbnVGzkoxMNrFqBHyG/dgrlic5EQiKANCLELYtGlX5auIMDLmTf1inA0eNtv74tyRJ/vg=="
    },
    "@cspell/dict-svelte@1.0.7": {
      "integrity": "sha512-hGZsGqP0WdzKkdpeVLBivRuSNzOTvN036EBmpOwxH+FTY2DuUH7ecW+cSaMwOgmq5JFSdTcbTNFlNC8HN8lhaQ=="
    },
    "@cspell/dict-swift@2.0.6": {
      "integrity": "sha512-PnpNbrIbex2aqU1kMgwEKvCzgbkHtj3dlFLPMqW1vSniop7YxaDTtvTUO4zA++ugYAEL+UK8vYrBwDPTjjvSnA=="
    },
    "@cspell/dict-terraform@1.1.3": {
      "integrity": "sha512-gr6wxCydwSFyyBKhBA2xkENXtVFToheqYYGFvlMZXWjviynXmh+NK/JTvTCk/VHk3+lzbO9EEQKee6VjrAUSbA=="
    },
    "@cspell/dict-typescript@3.2.3": {
      "integrity": "sha512-zXh1wYsNljQZfWWdSPYwQhpwiuW0KPW1dSd8idjMRvSD0aSvWWHoWlrMsmZeRl4qM4QCEAjua8+cjflm41cQBg=="
    },
    "@cspell/dict-vue@3.0.5": {
      "integrity": "sha512-Mqutb8jbM+kIcywuPQCCaK5qQHTdaByoEO2J9LKFy3sqAdiBogNkrplqUK0HyyRFgCfbJUgjz3N85iCMcWH0JA=="
    },
    "@cspell/dynamic-import@8.19.4": {
      "integrity": "sha512-0LLghC64+SiwQS20Sa0VfFUBPVia1rNyo0bYeIDoB34AA3qwguDBVJJkthkpmaP1R2JeR/VmxmJowuARc4ZUxA==",
      "dependencies": [
        "@cspell/url",
        "import-meta-resolve"
      ]
    },
    "@cspell/filetypes@8.19.4": {
      "integrity": "sha512-D9hOCMyfKtKjjqQJB8F80PWsjCZhVGCGUMiDoQpcta0e+Zl8vHgzwaC0Ai4QUGBhwYEawHGiWUd7Y05u/WXiNQ=="
    },
    "@cspell/strong-weak-map@8.19.4": {
      "integrity": "sha512-MUfFaYD8YqVe32SQaYLI24/bNzaoyhdBIFY5pVrvMo1ZCvMl8AlfI2OcBXvcGb5aS5z7sCNCJm11UuoYbLI1zw=="
    },
    "@cspell/url@8.19.4": {
      "integrity": "sha512-Pa474iBxS+lxsAL4XkETPGIq3EgMLCEb9agj3hAd2VGMTCApaiUvamR4b+uGXIPybN70piFxvzrfoxsG2uIP6A=="
    },
    "@emnapi/core@1.5.0": {
      "integrity": "sha512-sbP8GzB1WDzacS8fgNPpHlp6C9VZe+SJP3F90W9rLemaQj2PzIuTEl1qDOYQf58YIpyjViI24y9aPWCjEzY2cg==",
      "dependencies": [
        "@emnapi/wasi-threads",
        "tslib"
      ]
    },
    "@emnapi/runtime@1.5.0": {
      "integrity": "sha512-97/BJ3iXHww3djw6hYIfErCZFee7qCtrneuLa20UXFCOTCfBM2cvQHjWJ2EG0s0MtdNwInarqCTz35i4wWXHsQ==",
      "dependencies": [
        "tslib"
      ]
    },
    "@emnapi/wasi-threads@1.1.0": {
      "integrity": "sha512-WI0DdZ8xFSbgMjR1sFsKABJ/C5OnRrjT06JXbZKexJGrDuPTzZdDYfFlsgcCXCyf+suG5QU2e/y1Wo2V/OapLQ==",
      "dependencies": [
        "tslib"
      ]
    },
    "@esbuild/aix-ppc64@0.24.0": {
      "integrity": "sha512-WtKdFM7ls47zkKHFVzMz8opM7LkcsIp9amDUBIAWirg70RM71WRSjdILPsY5Uv1D42ZpUfaPILDlfactHgsRkw==",
      "os": ["aix"],
      "cpu": ["ppc64"]
    },
    "@esbuild/android-arm64@0.24.0": {
      "integrity": "sha512-Vsm497xFM7tTIPYK9bNTYJyF/lsP590Qc1WxJdlB6ljCbdZKU9SY8i7+Iin4kyhV/KV5J2rOKsBQbB77Ab7L/w==",
      "os": ["android"],
      "cpu": ["arm64"]
    },
    "@esbuild/android-arm@0.24.0": {
      "integrity": "sha512-arAtTPo76fJ/ICkXWetLCc9EwEHKaeya4vMrReVlEIUCAUncH7M4bhMQ+M9Vf+FFOZJdTNMXNBrWwW+OXWpSew==",
      "os": ["android"],
      "cpu": ["arm"]
    },
    "@esbuild/android-x64@0.24.0": {
      "integrity": "sha512-t8GrvnFkiIY7pa7mMgJd7p8p8qqYIz1NYiAoKc75Zyv73L3DZW++oYMSHPRarcotTKuSs6m3hTOa5CKHaS02TQ==",
      "os": ["android"],
      "cpu": ["x64"]
    },
    "@esbuild/darwin-arm64@0.24.0": {
      "integrity": "sha512-CKyDpRbK1hXwv79soeTJNHb5EiG6ct3efd/FTPdzOWdbZZfGhpbcqIpiD0+vwmpu0wTIL97ZRPZu8vUt46nBSw==",
      "os": ["darwin"],
      "cpu": ["arm64"]
    },
    "@esbuild/darwin-x64@0.24.0": {
      "integrity": "sha512-rgtz6flkVkh58od4PwTRqxbKH9cOjaXCMZgWD905JOzjFKW+7EiUObfd/Kav+A6Gyud6WZk9w+xu6QLytdi2OA==",
      "os": ["darwin"],
      "cpu": ["x64"]
    },
    "@esbuild/freebsd-arm64@0.24.0": {
      "integrity": "sha512-6Mtdq5nHggwfDNLAHkPlyLBpE5L6hwsuXZX8XNmHno9JuL2+bg2BX5tRkwjyfn6sKbxZTq68suOjgWqCicvPXA==",
      "os": ["freebsd"],
      "cpu": ["arm64"]
    },
    "@esbuild/freebsd-x64@0.24.0": {
      "integrity": "sha512-D3H+xh3/zphoX8ck4S2RxKR6gHlHDXXzOf6f/9dbFt/NRBDIE33+cVa49Kil4WUjxMGW0ZIYBYtaGCa2+OsQwQ==",
      "os": ["freebsd"],
      "cpu": ["x64"]
    },
    "@esbuild/linux-arm64@0.24.0": {
      "integrity": "sha512-TDijPXTOeE3eaMkRYpcy3LarIg13dS9wWHRdwYRnzlwlA370rNdZqbcp0WTyyV/k2zSxfko52+C7jU5F9Tfj1g==",
      "os": ["linux"],
      "cpu": ["arm64"]
    },
    "@esbuild/linux-arm@0.24.0": {
      "integrity": "sha512-gJKIi2IjRo5G6Glxb8d3DzYXlxdEj2NlkixPsqePSZMhLudqPhtZ4BUrpIuTjJYXxvF9njql+vRjB2oaC9XpBw==",
      "os": ["linux"],
      "cpu": ["arm"]
    },
    "@esbuild/linux-ia32@0.24.0": {
      "integrity": "sha512-K40ip1LAcA0byL05TbCQ4yJ4swvnbzHscRmUilrmP9Am7//0UjPreh4lpYzvThT2Quw66MhjG//20mrufm40mA==",
      "os": ["linux"],
      "cpu": ["ia32"]
    },
    "@esbuild/linux-loong64@0.24.0": {
      "integrity": "sha512-0mswrYP/9ai+CU0BzBfPMZ8RVm3RGAN/lmOMgW4aFUSOQBjA31UP8Mr6DDhWSuMwj7jaWOT0p0WoZ6jeHhrD7g==",
      "os": ["linux"],
      "cpu": ["loong64"]
    },
    "@esbuild/linux-mips64el@0.24.0": {
      "integrity": "sha512-hIKvXm0/3w/5+RDtCJeXqMZGkI2s4oMUGj3/jM0QzhgIASWrGO5/RlzAzm5nNh/awHE0A19h/CvHQe6FaBNrRA==",
      "os": ["linux"],
      "cpu": ["mips64el"]
    },
    "@esbuild/linux-ppc64@0.24.0": {
      "integrity": "sha512-HcZh5BNq0aC52UoocJxaKORfFODWXZxtBaaZNuN3PUX3MoDsChsZqopzi5UupRhPHSEHotoiptqikjN/B77mYQ==",
      "os": ["linux"],
      "cpu": ["ppc64"]
    },
    "@esbuild/linux-riscv64@0.24.0": {
      "integrity": "sha512-bEh7dMn/h3QxeR2KTy1DUszQjUrIHPZKyO6aN1X4BCnhfYhuQqedHaa5MxSQA/06j3GpiIlFGSsy1c7Gf9padw==",
      "os": ["linux"],
      "cpu": ["riscv64"]
    },
    "@esbuild/linux-s390x@0.24.0": {
      "integrity": "sha512-ZcQ6+qRkw1UcZGPyrCiHHkmBaj9SiCD8Oqd556HldP+QlpUIe2Wgn3ehQGVoPOvZvtHm8HPx+bH20c9pvbkX3g==",
      "os": ["linux"],
      "cpu": ["s390x"]
    },
    "@esbuild/linux-x64@0.24.0": {
      "integrity": "sha512-vbutsFqQ+foy3wSSbmjBXXIJ6PL3scghJoM8zCL142cGaZKAdCZHyf+Bpu/MmX9zT9Q0zFBVKb36Ma5Fzfa8xA==",
      "os": ["linux"],
      "cpu": ["x64"]
    },
    "@esbuild/netbsd-x64@0.24.0": {
      "integrity": "sha512-hjQ0R/ulkO8fCYFsG0FZoH+pWgTTDreqpqY7UnQntnaKv95uP5iW3+dChxnx7C3trQQU40S+OgWhUVwCjVFLvg==",
      "os": ["netbsd"],
      "cpu": ["x64"]
    },
    "@esbuild/openbsd-arm64@0.24.0": {
      "integrity": "sha512-MD9uzzkPQbYehwcN583yx3Tu5M8EIoTD+tUgKF982WYL9Pf5rKy9ltgD0eUgs8pvKnmizxjXZyLt0z6DC3rRXg==",
      "os": ["openbsd"],
      "cpu": ["arm64"]
    },
    "@esbuild/openbsd-x64@0.24.0": {
      "integrity": "sha512-4ir0aY1NGUhIC1hdoCzr1+5b43mw99uNwVzhIq1OY3QcEwPDO3B7WNXBzaKY5Nsf1+N11i1eOfFcq+D/gOS15Q==",
      "os": ["openbsd"],
      "cpu": ["x64"]
    },
    "@esbuild/sunos-x64@0.24.0": {
      "integrity": "sha512-jVzdzsbM5xrotH+W5f1s+JtUy1UWgjU0Cf4wMvffTB8m6wP5/kx0KiaLHlbJO+dMgtxKV8RQ/JvtlFcdZ1zCPA==",
      "os": ["sunos"],
      "cpu": ["x64"]
    },
    "@esbuild/win32-arm64@0.24.0": {
      "integrity": "sha512-iKc8GAslzRpBytO2/aN3d2yb2z8XTVfNV0PjGlCxKo5SgWmNXx82I/Q3aG1tFfS+A2igVCY97TJ8tnYwpUWLCA==",
      "os": ["win32"],
      "cpu": ["arm64"]
    },
    "@esbuild/win32-ia32@0.24.0": {
      "integrity": "sha512-vQW36KZolfIudCcTnaTpmLQ24Ha1RjygBo39/aLkM2kmjkWmZGEJ5Gn9l5/7tzXA42QGIoWbICfg6KLLkIw6yw==",
      "os": ["win32"],
      "cpu": ["ia32"]
    },
    "@esbuild/win32-x64@0.24.0": {
      "integrity": "sha512-7IAFPrjSQIJrGsK6flwg7NFmwBoSTyF3rl7If0hNUFQU4ilTsEPL6GuMuU9BfIWVVGuRnuIidkSMC+c0Otu8IA==",
      "os": ["win32"],
      "cpu": ["x64"]
    },
    "@jridgewell/gen-mapping@0.3.13": {
      "integrity": "sha512-2kkt/7niJ6MgEPxF0bYdQ6etZaA+fQvDcLKckhy1yIQOzaoKjBBjSj63/aLVjYE3qhRt5dvM+uUyfCg6UKCBbA==",
      "dependencies": [
        "@jridgewell/sourcemap-codec",
        "@jridgewell/trace-mapping"
      ]
    },
    "@jridgewell/resolve-uri@3.1.2": {
      "integrity": "sha512-bRISgCIjP20/tbWSPWMEi54QVPRZExkuD9lJL+UIxUKtwVJA8wW1Trb1jMs1RFXo1CBTNZ/5hpC9QvmKWdopKw=="
    },
    "@jridgewell/sourcemap-codec@1.5.5": {
      "integrity": "sha512-cYQ9310grqxueWbl+WuIUIaiUaDcj7WOq5fVhEljNVgRfOUhY9fy2zTvfoqWsnebh8Sl70VScFbICvJnLKB0Og=="
    },
    "@jridgewell/trace-mapping@0.3.30": {
      "integrity": "sha512-GQ7Nw5G2lTu/BtHTKfXhKHok2WGetd4XYcVKGx00SjAk8GMwgJM3zr6zORiPGuOE+/vkc90KtTosSSvaCjKb2Q==",
      "dependencies": [
        "@jridgewell/resolve-uri",
        "@jridgewell/sourcemap-codec"
      ]
    },
    "@napi-rs/wasm-runtime@1.0.3": {
      "integrity": "sha512-rZxtMsLwjdXkMUGC3WwsPwLNVqVqnTJT6MNIB6e+5fhMcSCPP0AOsNWuMQ5mdCq6HNjs/ZeWAEchpqeprqBD2Q==",
      "dependencies": [
        "@emnapi/core",
        "@emnapi/runtime",
        "@tybys/wasm-util"
      ]
    },
    "@oxc-project/runtime@0.87.0": {
      "integrity": "sha512-ky2Hqi2q/uGX36UfY79zxMbUqiNIl1RyKKVJfFenG70lbn+/fcaKBVTbhmUwn8a2wPyv2gNtDQxuDytbKX9giQ=="
    },
    "@oxc-project/types@0.87.0": {
      "integrity": "sha512-ipZFWVGE9fADBVXXWJWY/cxpysc41Gt5upKDeb32F6WMgFyO7XETUMVq8UuREKCih+Km5E6p2VhEvf6Fuhey6g=="
    },
    "@pkgjs/parseargs@0.11.0": {
      "integrity": "sha512-+1VkjdD0QBLPodGrJUeqarH8VAIvQODIbwh9XpP5Syisf7YoQgsJKPNFoqqLQlu+VQ/tVSshMR6loPMn8U+dPg=="
    },
    "@quansync/fs@0.1.5": {
      "integrity": "sha512-lNS9hL2aS2NZgNW7BBj+6EBl4rOf8l+tQ0eRY6JWCI8jI2kc53gSoqbjojU0OnAWhzoXiOjFyGsHcDGePB3lhA==",
      "dependencies": [
        "quansync"
      ]
    },
    "@rolldown/binding-android-arm64@1.0.0-beta.36": {
      "integrity": "sha512-0y4+MDSw9GzX4VZtATiygDv+OtijxsRtNBZW6qA3OUGi0fq6Gq+MnvFHMjdJxz3mv/thIHMmJ0AL7d8urYBCUw==",
      "os": ["android"],
      "cpu": ["arm64"]
    },
    "@rolldown/binding-darwin-arm64@1.0.0-beta.36": {
      "integrity": "sha512-F/xv0vsxXuwpyecy3GMpXPhRLI4WogQkSYYl6hh61OfmyX4lxsemSoYQ5nlK/MopdVaT111wS1dRO2eXgzBHuA==",
      "os": ["darwin"],
      "cpu": ["arm64"]
    },
    "@rolldown/binding-darwin-x64@1.0.0-beta.36": {
      "integrity": "sha512-FX3x/GSybYRt4/fUljqIMuB7JRJThxnwzjK9Ka4qKwSw92RNmxRtw+NEkpuKq/Tzcq5qpnvSWudKmjcbBSMH1g==",
      "os": ["darwin"],
      "cpu": ["x64"]
    },
    "@rolldown/binding-freebsd-x64@1.0.0-beta.36": {
      "integrity": "sha512-j7Y/OG4XxICRgGMLB7VVbROAzdnvtr0ZTBBYnv53KZESE97Ta4zXfGhEe+EiXLRKW8JWSMeNumOaBrWAXDMiZQ==",
      "os": ["freebsd"],
      "cpu": ["x64"]
    },
    "@rolldown/binding-linux-arm-gnueabihf@1.0.0-beta.36": {
      "integrity": "sha512-j3rDknokIJZ+iVGjWw2cVRgKLmk9boUoHtp2k3Ba6p7vWIv+D/YypQKHxAayyzvUkxTBZsw64Ojq5/zrytRODA==",
      "os": ["linux"],
      "cpu": ["arm"]
    },
    "@rolldown/binding-linux-arm64-gnu@1.0.0-beta.36": {
      "integrity": "sha512-7Ds2nl3ZhC0eaSJnw7dQ5uCK1cmaBKC+EL7IIpjTpzqY10y1xCn5w6gTFKzpqKhD2nSraY4MHOyAnE+zmSAZRA==",
      "os": ["linux"],
      "cpu": ["arm64"]
    },
    "@rolldown/binding-linux-arm64-musl@1.0.0-beta.36": {
      "integrity": "sha512-0Qa4b3gv956iSdJQplV1xdI9ALbEdNo5xsFpcLU4mW2A+CqWNenVHqcHbCvwvKTP07yX6yoUvUqZR1CBxxQShg==",
      "os": ["linux"],
      "cpu": ["arm64"]
    },
    "@rolldown/binding-linux-x64-gnu@1.0.0-beta.36": {
      "integrity": "sha512-wUdZljtx9W1V9KlnmwPgF0o2ZPFq2zffr/q+wM+GUrSFIJNmP9w0zgyl1coCt1ESnNyYYyJh8T1bqvx8+16SqA==",
      "os": ["linux"],
      "cpu": ["x64"]
    },
    "@rolldown/binding-linux-x64-musl@1.0.0-beta.36": {
      "integrity": "sha512-Up56sJMDSKYi92/28lq9xB2wonuCwVnqBzjRnKmQauZJ5QOor9h1RtcMeCzSxg4ReMsNvrdYomBogewcZgKEww==",
      "os": ["linux"],
      "cpu": ["x64"]
    },
    "@rolldown/binding-openharmony-arm64@1.0.0-beta.36": {
      "integrity": "sha512-qX3covX7EX00yrgQl3oi8GuRTS1XFe+YHm+sGsxQvPok+r7Ct2eDFpLmmw7wajZ2SuvAJYSo/9BXLSCGR0ve2w==",
      "os": ["openharmony"],
      "cpu": ["arm64"]
    },
    "@rolldown/binding-wasm32-wasi@1.0.0-beta.36": {
      "integrity": "sha512-phFsiR97/nbQEtyo5GTPX4h/Ootz0Pdd7P7+gTmkiashePwPUik5aoMAluvzY1tTUAfhdrFR2Y8WiWbnxnsSrQ==",
      "dependencies": [
        "@napi-rs/wasm-runtime"
      ],
      "cpu": ["wasm32"]
    },
    "@rolldown/binding-win32-arm64-msvc@1.0.0-beta.36": {
      "integrity": "sha512-dvvByfl7TRVhD9zY/VJ94hOVJmpN8Cfxl/A77yJ/oKV67IPEXx9hRUIhuL/V9eJ0RphNbLo4VKxdVuZ+wzEWTA==",
      "os": ["win32"],
      "cpu": ["arm64"]
    },
    "@rolldown/binding-win32-ia32-msvc@1.0.0-beta.36": {
      "integrity": "sha512-n7odfY4zatppNGY/EE8wE8B78wIxlQzBaY7Ycyjun+HvYu4dJgz8A4JCKHhyYYoEA8+VXO167Or4EJ9SyBLNnw==",
      "os": ["win32"],
      "cpu": ["ia32"]
    },
    "@rolldown/binding-win32-x64-msvc@1.0.0-beta.36": {
      "integrity": "sha512-ik9dlOa/bhRk+8NmbqCEZm9BBPy5UfSOg/Y6cAQac29Aw2/uoyoBbFUBFUKMsvfLg8F0dNxUOsT3IcVlfOJu0g==",
      "os": ["win32"],
      "cpu": ["x64"]
    },
    "@rolldown/pluginutils@1.0.0-beta.36": {
      "integrity": "sha512-qa+gfzhv0/Xv52zZInENLu6JbsnSjSExD7kTaNm7Qn5LUIH6IQb7l9pB+NrsU5/Bvt9aqcBTdRGc7x1DYMTiqQ=="
    },
    "@rollup/rollup-android-arm-eabi@4.27.3": {
      "integrity": "sha512-EzxVSkIvCFxUd4Mgm4xR9YXrcp976qVaHnqom/Tgm+vU79k4vV4eYTjmRvGfeoW8m9LVcsAy/lGjcgVegKEhLQ==",
      "os": ["android"],
      "cpu": ["arm"]
    },
    "@rollup/rollup-android-arm64@4.27.3": {
      "integrity": "sha512-LJc5pDf1wjlt9o/Giaw9Ofl+k/vLUaYsE2zeQGH85giX2F+wn/Cg8b3c5CDP3qmVmeO5NzwVUzQQxwZvC2eQKw==",
      "os": ["android"],
      "cpu": ["arm64"]
    },
    "@rollup/rollup-darwin-arm64@4.27.3": {
      "integrity": "sha512-OuRysZ1Mt7wpWJ+aYKblVbJWtVn3Cy52h8nLuNSzTqSesYw1EuN6wKp5NW/4eSre3mp12gqFRXOKTcN3AI3LqA==",
      "os": ["darwin"],
      "cpu": ["arm64"]
    },
    "@rollup/rollup-darwin-x64@4.27.3": {
      "integrity": "sha512-xW//zjJMlJs2sOrCmXdB4d0uiilZsOdlGQIC/jjmMWT47lkLLoB1nsNhPUcnoqyi5YR6I4h+FjBpILxbEy8JRg==",
      "os": ["darwin"],
      "cpu": ["x64"]
    },
    "@rollup/rollup-freebsd-arm64@4.27.3": {
      "integrity": "sha512-58E0tIcwZ+12nK1WiLzHOD8I0d0kdrY/+o7yFVPRHuVGY3twBwzwDdTIBGRxLmyjciMYl1B/U515GJy+yn46qw==",
      "os": ["freebsd"],
      "cpu": ["arm64"]
    },
    "@rollup/rollup-freebsd-x64@4.27.3": {
      "integrity": "sha512-78fohrpcVwTLxg1ZzBMlwEimoAJmY6B+5TsyAZ3Vok7YabRBUvjYTsRXPTjGEvv/mfgVBepbW28OlMEz4w8wGA==",
      "os": ["freebsd"],
      "cpu": ["x64"]
    },
    "@rollup/rollup-linux-arm-gnueabihf@4.27.3": {
      "integrity": "sha512-h2Ay79YFXyQi+QZKo3ISZDyKaVD7uUvukEHTOft7kh00WF9mxAaxZsNs3o/eukbeKuH35jBvQqrT61fzKfAB/Q==",
      "os": ["linux"],
      "cpu": ["arm"]
    },
    "@rollup/rollup-linux-arm-musleabihf@4.27.3": {
      "integrity": "sha512-Sv2GWmrJfRY57urktVLQ0VKZjNZGogVtASAgosDZ1aUB+ykPxSi3X1nWORL5Jk0sTIIwQiPH7iE3BMi9zGWfkg==",
      "os": ["linux"],
      "cpu": ["arm"]
    },
    "@rollup/rollup-linux-arm64-gnu@4.27.3": {
      "integrity": "sha512-FPoJBLsPW2bDNWjSrwNuTPUt30VnfM8GPGRoLCYKZpPx0xiIEdFip3dH6CqgoT0RnoGXptaNziM0WlKgBc+OWQ==",
      "os": ["linux"],
      "cpu": ["arm64"]
    },
    "@rollup/rollup-linux-arm64-musl@4.27.3": {
      "integrity": "sha512-TKxiOvBorYq4sUpA0JT+Fkh+l+G9DScnG5Dqx7wiiqVMiRSkzTclP35pE6eQQYjP4Gc8yEkJGea6rz4qyWhp3g==",
      "os": ["linux"],
      "cpu": ["arm64"]
    },
    "@rollup/rollup-linux-powerpc64le-gnu@4.27.3": {
      "integrity": "sha512-v2M/mPvVUKVOKITa0oCFksnQQ/TqGrT+yD0184/cWHIu0LoIuYHwox0Pm3ccXEz8cEQDLk6FPKd1CCm+PlsISw==",
      "os": ["linux"],
      "cpu": ["ppc64"]
    },
    "@rollup/rollup-linux-riscv64-gnu@4.27.3": {
      "integrity": "sha512-LdrI4Yocb1a/tFVkzmOE5WyYRgEBOyEhWYJe4gsDWDiwnjYKjNs7PS6SGlTDB7maOHF4kxevsuNBl2iOcj3b4A==",
      "os": ["linux"],
      "cpu": ["riscv64"]
    },
    "@rollup/rollup-linux-s390x-gnu@4.27.3": {
      "integrity": "sha512-d4wVu6SXij/jyiwPvI6C4KxdGzuZOvJ6y9VfrcleHTwo68fl8vZC5ZYHsCVPUi4tndCfMlFniWgwonQ5CUpQcA==",
      "os": ["linux"],
      "cpu": ["s390x"]
    },
    "@rollup/rollup-linux-x64-gnu@4.27.3": {
      "integrity": "sha512-/6bn6pp1fsCGEY5n3yajmzZQAh+mW4QPItbiWxs69zskBzJuheb3tNynEjL+mKOsUSFK11X4LYF2BwwXnzWleA==",
      "os": ["linux"],
      "cpu": ["x64"]
    },
    "@rollup/rollup-linux-x64-musl@4.27.3": {
      "integrity": "sha512-nBXOfJds8OzUT1qUreT/en3eyOXd2EH5b0wr2bVB5999qHdGKkzGzIyKYaKj02lXk6wpN71ltLIaQpu58YFBoQ==",
      "os": ["linux"],
      "cpu": ["x64"]
    },
    "@rollup/rollup-win32-arm64-msvc@4.27.3": {
      "integrity": "sha512-ogfbEVQgIZOz5WPWXF2HVb6En+kWzScuxJo/WdQTqEgeyGkaa2ui5sQav9Zkr7bnNCLK48uxmmK0TySm22eiuw==",
      "os": ["win32"],
      "cpu": ["arm64"]
    },
    "@rollup/rollup-win32-ia32-msvc@4.27.3": {
      "integrity": "sha512-ecE36ZBMLINqiTtSNQ1vzWc5pXLQHlf/oqGp/bSbi7iedcjcNb6QbCBNG73Euyy2C+l/fn8qKWEwxr+0SSfs3w==",
      "os": ["win32"],
      "cpu": ["ia32"]
    },
    "@rollup/rollup-win32-x64-msvc@4.27.3": {
      "integrity": "sha512-vliZLrDmYKyaUoMzEbMTg2JkerfBjn03KmAw9CykO0Zzkzoyd7o3iZNam/TpyWNjNT+Cz2iO3P9Smv2wgrR+Eg==",
      "os": ["win32"],
      "cpu": ["x64"]
    },
    "@tybys/wasm-util@0.10.0": {
      "integrity": "sha512-VyyPYFlOMNylG45GoAe0xDoLwWuowvf92F9kySqzYh8vmYm7D2u4iUJKa1tOUpS70Ku13ASrOkS4ScXFsTaCNQ==",
      "dependencies": [
        "tslib"
      ]
    },
    "ansis@4.1.0": {
      "integrity": "sha512-BGcItUBWSMRgOCe+SVZJ+S7yTRG0eGt9cXAHev72yuGcY23hnLA7Bky5L/xLyPINoSN95geovfBkqoTlNZYa7w=="
    },
    "array-timsort@1.0.3": {
      "integrity": "sha512-/+3GRL7dDAGEfM6TseQk/U+mi18TU2Ms9I3UlLdUMhz2hbvGNTKdj9xniwXfUqgYhHxRx0+8UnKkvlNwVU+cWQ=="
    },
    "ast-kit@2.1.2": {
      "integrity": "sha512-cl76xfBQM6pztbrFWRnxbrDm9EOqDr1BF6+qQnnDZG2Co2LjyUktkN9GTJfBAfdae+DbT2nJf2nCGAdDDN7W2g==",
      "dependencies": [
        "@babel/parser",
        "pathe"
      ]
    },
    "birpc@2.5.0": {
      "integrity": "sha512-VSWO/W6nNQdyP520F1mhf+Lc2f8pjGQOtoHHm7Ze8Go1kX7akpVIrtTa0fn+HB0QJEDVacl6aO08YE0PgXfdnQ=="
    },
    "cac@6.7.14": {
      "integrity": "sha512-b6Ilus+c3RrdDk+JhLKUAQfzzgLEPy6wcXqS7f/xe1EETvsDP6GORG7SFuOs6cID5YkqchW/LXZbX5bc8j7ZcQ=="
    },
    "callsites@3.1.0": {
      "integrity": "sha512-P8BjAsXvZS+VIDUI11hHCQEv74YT67YUi5JJFNWIqL235sBmjX4+qx9Muvls5ivyNENctx46xQLQ3aTuE7ssaQ=="
    },
    "chalk-template@1.1.2": {
      "integrity": "sha512-2bxTP2yUH7AJj/VAXfcA+4IcWGdQ87HwBANLt5XxGTeomo8yG0y95N1um9i5StvhT/Bl0/2cARA5v1PpPXUxUA==",
      "dependencies": [
        "chalk"
      ]
    },
    "chalk@5.6.2": {
      "integrity": "sha512-7NzBL0rN6fMUW+f7A6Io4h40qQlG+xGmtMxfbnH/K7TAtt8JQWVQK+6g0UXKMeVJoyV5EkkNsErQ8pVD3bLHbA=="
    },
    "chokidar@4.0.3": {
      "integrity": "sha512-Qgzu8kfBvo+cA4962jnP1KkS6Dop5NS6g7R5LFYJr4b8Ub94PPQXUksCw9PvXoeXPRRddRNC5C1JQUR2SMGtnA==",
      "dependencies": [
        "readdirp"
      ]
    },
    "clear-module@4.1.2": {
      "integrity": "sha512-LWAxzHqdHsAZlPlEyJ2Poz6AIs384mPeqLVCru2p0BrP9G/kVGuhNyZYClLO6cXlnuJjzC8xtsJIuMjKqLXoAw==",
      "dependencies": [
        "parent-module@2.0.0",
        "resolve-from@5.0.0"
      ]
    },
    "commander@13.1.0": {
      "integrity": "sha512-/rFeCpNJQbhSZjGVwO9RFV3xPqbnERS8MmIQzCtD/zl6gpJuV/bMLuN92oG3F7d8oDEHHRrujSXNUr8fpjntKw=="
    },
    "comment-json@4.2.5": {
      "integrity": "sha512-bKw/r35jR3HGt5PEPm1ljsQQGyCrR8sFGNiN5L+ykDHdpO8Smxkrkla9Yi6NkQyUrb8V54PGhfMs6NrIwtxtdw==",
      "dependencies": [
        "array-timsort",
        "core-util-is",
        "esprima",
        "has-own-prop",
        "repeat-string"
      ]
    },
    "core-util-is@1.0.3": {
      "integrity": "sha512-ZQBvi1DcpJ4GDqanjucZ2Hj3wEO5pZDS89BWbkcrvdxksJorwUDDZamX9ldFkp9aw2lmBDLgkObEA4DWNJ9FYQ=="
    },
    "cspell-config-lib@8.19.4": {
      "integrity": "sha512-LtFNZEWVrnpjiTNgEDsVN05UqhhJ1iA0HnTv4jsascPehlaUYVoyucgNbFeRs6UMaClJnqR0qT9lnPX+KO1OLg==",
      "dependencies": [
        "@cspell/cspell-types",
        "comment-json",
        "yaml"
      ]
    },
    "cspell-dictionary@8.19.4": {
      "integrity": "sha512-lr8uIm7Wub8ToRXO9f6f7in429P1Egm3I+Ps3ZGfWpwLTCUBnHvJdNF/kQqF7PL0Lw6acXcjVWFYT7l2Wdst2g==",
      "dependencies": [
        "@cspell/cspell-pipe",
        "@cspell/cspell-types",
        "cspell-trie-lib",
        "fast-equals"
      ]
    },
    "cspell-gitignore@8.19.4": {
      "integrity": "sha512-KrViypPilNUHWZkMV0SM8P9EQVIyH8HvUqFscI7+cyzWnlglvzqDdV4N5f+Ax5mK+IqR6rTEX8JZbCwIWWV7og==",
      "dependencies": [
        "@cspell/url",
        "cspell-glob",
        "cspell-io"
      ],
      "bin": true
    },
    "cspell-glob@8.19.4": {
      "integrity": "sha512-042uDU+RjAz882w+DXKuYxI2rrgVPfRQDYvIQvUrY1hexH4sHbne78+OMlFjjzOCEAgyjnm1ktWUCCmh08pQUw==",
      "dependencies": [
        "@cspell/url",
        "picomatch"
      ]
    },
    "cspell-grammar@8.19.4": {
      "integrity": "sha512-lzWgZYTu/L7DNOHjxuKf8H7DCXvraHMKxtFObf8bAzgT+aBmey5fW2LviXUkZ2Lb2R0qQY+TJ5VIGoEjNf55ow==",
      "dependencies": [
        "@cspell/cspell-pipe",
        "@cspell/cspell-types"
      ],
      "bin": true
    },
    "cspell-io@8.19.4": {
      "integrity": "sha512-W48egJqZ2saEhPWf5ftyighvm4mztxEOi45ILsKgFikXcWFs0H0/hLwqVFeDurgELSzprr12b6dXsr67dV8amg==",
      "dependencies": [
        "@cspell/cspell-service-bus",
        "@cspell/url"
      ]
    },
    "cspell-lib@8.19.4": {
      "integrity": "sha512-NwfdCCYtIBNQuZcoMlMmL3HSv2olXNErMi/aOTI9BBAjvCHjhgX5hbHySMZ0NFNynnN+Mlbu5kooJ5asZeB3KA==",
      "dependencies": [
        "@cspell/cspell-bundled-dicts",
        "@cspell/cspell-pipe",
        "@cspell/cspell-resolver",
        "@cspell/cspell-types",
        "@cspell/dynamic-import",
        "@cspell/filetypes",
        "@cspell/strong-weak-map",
        "@cspell/url",
        "clear-module",
        "comment-json",
        "cspell-config-lib",
        "cspell-dictionary",
        "cspell-glob",
        "cspell-grammar",
        "cspell-io",
        "cspell-trie-lib",
        "env-paths",
        "fast-equals",
        "gensequence",
        "import-fresh",
        "resolve-from@5.0.0",
        "vscode-languageserver-textdocument",
        "vscode-uri",
        "xdg-basedir"
      ]
    },
    "cspell-trie-lib@8.19.4": {
      "integrity": "sha512-yIPlmGSP3tT3j8Nmu+7CNpkPh/gBO2ovdnqNmZV+LNtQmVxqFd2fH7XvR1TKjQyctSH1ip0P5uIdJmzY1uhaYg==",
      "dependencies": [
        "@cspell/cspell-pipe",
        "@cspell/cspell-types",
        "gensequence"
      ]
    },
    "cspell@8.19.4": {
      "integrity": "sha512-toaLrLj3usWY0Bvdi661zMmpKW2DVLAG3tcwkAv4JBTisdIRn15kN/qZDrhSieUEhVgJgZJDH4UKRiq29mIFxA==",
      "dependencies": [
        "@cspell/cspell-json-reporter",
        "@cspell/cspell-pipe",
        "@cspell/cspell-types",
        "@cspell/dynamic-import",
        "@cspell/url",
        "chalk",
        "chalk-template",
        "commander",
        "cspell-dictionary",
        "cspell-gitignore",
        "cspell-glob",
        "cspell-io",
        "cspell-lib",
        "fast-json-stable-stringify",
        "file-entry-cache",
        "semver",
        "tinyglobby"
      ],
      "bin": true
    },
    "debug@4.4.1": {
      "integrity": "sha512-KcKCqiftBJcZr++7ykoDIEwSa3XWowTfNPo92BYxjXiyYEVrUQh2aLyhxBCwww+heortUFxEJYcRzosstTEBYQ==",
      "dependencies": [
        "ms"
      ]
    },
    "defu@6.1.4": {
      "integrity": "sha512-mEQCMmwJu317oSz8CwdIOdwf3xMif1ttiM8LTufzc3g6kR+9Pe236twL8j3IYT1F7GfRgGcW6MWxzZjLIkuHIg=="
    },
    "diff@8.0.2": {
      "integrity": "sha512-sSuxWU5j5SR9QQji/o2qMvqRNYRDOcBTgsJ/DeCf4iSN4gW+gNMXM7wFIP+fdXZxoNiAnHUTGjCr+TSWXdRDKg=="
    },
    "dts-resolver@2.1.2": {
      "integrity": "sha512-xeXHBQkn2ISSXxbJWD828PFjtyg+/UrMDo7W4Ffcs7+YWCquxU8YjV1KoxuiL+eJ5pg3ll+bC6flVv61L3LKZg=="
    },
    "empathic@2.0.0": {
      "integrity": "sha512-i6UzDscO/XfAcNYD75CfICkmfLedpyPDdozrLMmQc5ORaQcdMoc21OnlEylMIqI7U8eniKrPMxxtj8k0vhmJhA=="
    },
    "env-paths@3.0.0": {
      "integrity": "sha512-dtJUTepzMW3Lm/NPxRf3wP4642UWhjL2sQxc+ym2YMj1m/H2zDNQOlezafzkHwn6sMstjHTwG6iQQsctDW/b1A=="
    },
    "esprima@4.0.1": {
      "integrity": "sha512-eGuFFw7Upda+g4p+QHvnW0RyTX/SVeJBDM/gCtMARO0cLuT2HcEKnTPvhjV6aGeqrCB/sbNop0Kszm0jsaWU4A==",
      "bin": true
    },
    "fast-equals@5.2.2": {
      "integrity": "sha512-V7/RktU11J3I36Nwq2JnZEM7tNm17eBJz+u25qdxBZeCKiX6BkVSZQjwWIr+IobgnZy+ag73tTZgZi7tr0LrBw=="
    },
    "fast-json-stable-stringify@2.1.0": {
      "integrity": "sha512-lhd/wF+Lk98HZoTCtlVraHtfh5XYijIjalXck7saUtuanSDyLMxnHhSXEDJqHxD7msR8D0uCmqlkwjCV8xvwHw=="
    },
    "fdir@6.5.0_picomatch@4.0.3": {
      "integrity": "sha512-tIbYtZbucOs0BRGqPJkshJUYdL+SDH7dVM8gjy+ERp3WAUjLEFJE+02kanyHtwjWOnwrKYBiwAmM0p4kLJAnXg==",
      "dependencies": [
        "picomatch"
      ],
      "optionalPeers": [
        "picomatch"
      ]
    },
    "file-entry-cache@9.1.0": {
      "integrity": "sha512-/pqPFG+FdxWQj+/WSuzXSDaNzxgTLr/OrR1QuqfEZzDakpdYE70PwUxL7BPUa8hpjbvY1+qvCl8k+8Tq34xJgg==",
      "dependencies": [
        "flat-cache"
      ]
    },
    "flat-cache@5.0.0": {
      "integrity": "sha512-JrqFmyUl2PnPi1OvLyTVHnQvwQ0S+e6lGSwu8OkAZlSaNIZciTY2H/cOOROxsBA1m/LZNHDsqAgDZt6akWcjsQ==",
      "dependencies": [
        "flatted",
        "keyv"
      ]
    },
    "flatted@3.3.3": {
      "integrity": "sha512-GX+ysw4PBCz0PzosHDepZGANEuFCMLrnRTiEy9McGjmkCQYwRq4A/X786G/fjM/+OjsWSU1ZrY5qyARZmO/uwg=="
    },
    "fsevents@2.3.3": {
      "integrity": "sha512-5xoDfX+fL7faATnagmWPpbFtwh/R77WmMMqqHGS65C3vvB0YHrgF+B1YmZ3441tMj5n63k0212XNoJwzlhffQw==",
      "os": ["darwin"],
      "scripts": true
    },
    "gensequence@7.0.0": {
      "integrity": "sha512-47Frx13aZh01afHJTB3zTtKIlFI6vWY+MYCN9Qpew6i52rfKjnhCF/l1YlC8UmEMvvntZZ6z4PiCcmyuedR2aQ=="
    },
    "get-tsconfig@4.10.1": {
      "integrity": "sha512-auHyJ4AgMz7vgS8Hp3N6HXSmlMdUyhSUrfBF16w153rxtLIEOE+HGqaBppczZvnHLqQJfiHotCYpNhl0lUROFQ==",
      "dependencies": [
        "resolve-pkg-maps"
      ]
    },
    "global-directory@4.0.1": {
      "integrity": "sha512-wHTUcDUoZ1H5/0iVqEudYW4/kAlN5cZ3j/bXn0Dpbizl9iaUVeWSHqiOjsgk6OW2bkLclbBjzewBz6weQ1zA2Q==",
      "dependencies": [
        "ini"
      ]
    },
    "has-own-prop@2.0.0": {
      "integrity": "sha512-Pq0h+hvsVm6dDEa8x82GnLSYHOzNDt7f0ddFa3FqcQlgzEiptPqL+XrOJNavjOzSYiYWIrgeVYYgGlLmnxwilQ=="
    },
    "hookable@5.5.3": {
      "integrity": "sha512-Yc+BQe8SvoXH1643Qez1zqLRmbA5rCL+sSmk6TVos0LWVfNIB7PGncdlId77WzLGSIB5KaWgTaNTs2lNVEI6VQ=="
    },
    "import-fresh@3.3.1": {
      "integrity": "sha512-TR3KfrTZTYLPB6jUjfx6MF9WcWrHL9su5TObK4ZkYgBdWKPOFoSoQIdEuTuR82pmtxH2spWG9h6etwfr1pLBqQ==",
      "dependencies": [
        "parent-module@1.0.1",
        "resolve-from@4.0.0"
      ]
    },
    "import-meta-resolve@4.2.0": {
      "integrity": "sha512-Iqv2fzaTQN28s/FwZAoFq0ZSs/7hMAHJVX+w8PZl3cY19Pxk6jFFalxQoIfW2826i/fDLXv8IiEZRIT0lDuWcg=="
    },
    "ini@4.1.1": {
      "integrity": "sha512-QQnnxNyfvmHFIsj7gkPcYymR8Jdw/o7mp5ZFihxn6h8Ci6fh3Dx4E1gPjpQEpIuPo9XVNY/ZUwh4BPMjGyL01g=="
    },
    "jiti@2.5.1": {
      "integrity": "sha512-twQoecYPiVA5K/h6SxtORw/Bs3ar+mLUtoPSc7iMXzQzK8d7eJ/R09wmTwAjiamETn1cXYPGfNnu7DMoHgu12w==",
      "bin": true
    },
    "jsesc@3.1.0": {
      "integrity": "sha512-/sM3dO2FOzXjKQhJuo0Q173wf2KOo8t4I8vHy6lF9poUp7bKT0/NHE8fPX23PwfhnykfqnC2xRxOnVw5XuGIaA==",
      "bin": true
    },
    "json-buffer@3.0.1": {
      "integrity": "sha512-4bV5BfR2mqfQTJm+V5tPPdf+ZpuhiIvTuAB5g8kcrXOZpTT/QwwVRWBywX1ozr6lEuPdbHxwaJlm9G6mI2sfSQ=="
    },
    "keyv@4.5.4": {
      "integrity": "sha512-oxVHkHR/EJf2CNXnWxRLW6mg7JyCCUcG0DtEGmL2ctUo1PNTin1PUil+r/+4r5MpVgC/fn1kjsx7mjSujKqIpw==",
      "dependencies": [
        "json-buffer"
      ]
    },
    "lefthook-darwin-arm64@1.9.2": {
      "integrity": "sha512-kWcSqAdGu5MAtxdLBpxg8H+p4d/pO7tA7+3Q1Cj9NM+c0L3R2ZefGNStGF6Ftbu8grkpz9/jCD588O9PHjsVfw==",
      "os": ["darwin"],
      "cpu": ["arm64"]
    },
    "lefthook-darwin-x64@1.9.2": {
      "integrity": "sha512-M4zspEhp0uXaIEVkcPFYayxElFzFhhSfEk29FMhxZOfbmZYPUSYaSsTHgb7oeR0O0/zcMTVDk4nNWsBp2Jpx5A==",
      "os": ["darwin"],
      "cpu": ["x64"]
    },
    "lefthook-freebsd-arm64@1.9.2": {
      "integrity": "sha512-7Grb+wdY99Iuorw9aUu+zYKdkEaQs6OVGn4jgav+AyBSxJA0WZmXgdmZqd6+LuRVYn8JRO8bER8Tu4QUa1fSxg==",
      "os": ["freebsd"],
      "cpu": ["arm64"]
    },
    "lefthook-freebsd-x64@1.9.2": {
      "integrity": "sha512-tMBN//hqHMUJ9v7k9W3l9aMEBw//enEX+2eQLcvDJSuEE+J3AUbNg9YA5kTpVsDuafg10ziJXAuGD0kYh2ubww==",
      "os": ["freebsd"],
      "cpu": ["x64"]
    },
    "lefthook-linux-arm64@1.9.2": {
      "integrity": "sha512-U16CUCaQSRQTbjqvrsJrwppCK4d/IQjMimfC/SwAEreXr7WkBiekV+Gv+fytEnVHJTCSb5MajJTV+WpBsg6jGg==",
      "os": ["linux"],
      "cpu": ["arm64"]
    },
    "lefthook-linux-x64@1.9.2": {
      "integrity": "sha512-lkEes30MquDhiIrNQ61CfNvGLCN39d8PZ2S/dwLMJBtTH7qfVqXu8UR3KhKEDD1h43cEb4pnIeO2BJUZyn/FNw==",
      "os": ["linux"],
      "cpu": ["x64"]
    },
    "lefthook-openbsd-arm64@1.9.2": {
      "integrity": "sha512-UJKcL8Iiga8GetYqXqGXy6OeIhtNGim8PHQZH4nfR70s6TPvTvBEGvf48mvfwRyXt8t6aUvz1oyVvRQSdXETug==",
      "os": ["openbsd"],
      "cpu": ["arm64"]
    },
    "lefthook-openbsd-x64@1.9.2": {
      "integrity": "sha512-CLS119Fn91mZ2U7ug3fjYMfM7rvwB7gwpDUbuQlEPnVsHJOtaIpu+cmhnKKtU6b4B6r5ETMwhc5dDt/tS5curQ==",
      "os": ["openbsd"],
      "cpu": ["x64"]
    },
    "lefthook-windows-arm64@1.9.2": {
      "integrity": "sha512-MlN2EnYNF6RUMTGX4csJnHq/J+werlerQsUcYfZrs+TruXCm4MLjwO9Q7vShTws3bsCoeDZnacNTVESQpZG6Lg==",
      "os": ["win32"],
      "cpu": ["arm64"]
    },
    "lefthook-windows-x64@1.9.2": {
      "integrity": "sha512-7gl1L3qj6xWsqsYJ/ACRDUJruMWLqIRGcI66RiAEnQ3aSnnk0FLCVxIyMwecgW3IWY1O2C69EXV4Og7/0l9JVQ==",
      "os": ["win32"],
      "cpu": ["x64"]
    },
    "lefthook@1.9.2": {
      "integrity": "sha512-boUWdXdT6MUPghZuuX64xXbG7u69fcgkD6vNEjoxh3Gll6o6MfY/ITpj/HrRAUVym1jWXB0Z298qL789OD+dZw==",
      "optionalDependencies": [
        "lefthook-darwin-arm64",
        "lefthook-darwin-x64",
        "lefthook-freebsd-arm64",
        "lefthook-freebsd-x64",
        "lefthook-linux-arm64",
        "lefthook-linux-x64",
        "lefthook-openbsd-arm64",
        "lefthook-openbsd-x64",
        "lefthook-windows-arm64",
        "lefthook-windows-x64"
      ],
      "scripts": true,
      "bin": true
    },
    "ms@2.1.3": {
      "integrity": "sha512-6FlzubTLZG3J2a/NVCAleEhjzq5oxgHyaCU9yYXvcLsvoVaHJq/s5xXI6/XXP6tz7R9xAOtHnSO/tXtF3WRTlA=="
    },
    "parent-module@1.0.1": {
      "integrity": "sha512-GQ2EWRpQV8/o+Aw8YqtfZZPfNRWZYkbidE9k5rpl/hC3vtHHBfGm2Ifi6qWV+coDGkrUKZAxE3Lot5kcsRlh+g==",
      "dependencies": [
        "callsites"
      ]
    },
    "parent-module@2.0.0": {
      "integrity": "sha512-uo0Z9JJeWzv8BG+tRcapBKNJ0dro9cLyczGzulS6EfeyAdeC9sbojtW6XwvYxJkEne9En+J2XEl4zyglVeIwFg==",
      "dependencies": [
        "callsites"
      ]
    },
    "pathe@2.0.3": {
      "integrity": "sha512-WUjGcAqP1gQacoQe+OBJsFA7Ld4DyXuUIjZ5cc75cLHvJ7dtNsTugphxIADwspS+AraAUePCKrSVtPLFj/F88w=="
    },
    "picomatch@4.0.3": {
      "integrity": "sha512-5gTmgEY/sqK6gFXLIsQNH19lWb4ebPDLA4SdLP7dsWkIXHWlG66oPuVvXSGFPppYZz8ZDZq0dYYrbHfBCVUb1Q=="
    },
    "quansync@0.2.11": {
      "integrity": "sha512-AifT7QEbW9Nri4tAwR5M/uzpBuqfZf+zwaEM/QkzEjj7NBuFD2rBuy0K3dE+8wltbezDV7JMA0WfnCPYRSYbXA=="
    },
    "readdirp@4.1.2": {
      "integrity": "sha512-GDhwkLfywWL2s6vEjyhri+eXmfH6j1L7JE27WhqLeYzoh/A3DBaYGEj2H/HFZCn/kMfim73FXxEJTw06WtxQwg=="
    },
    "repeat-string@1.6.1": {
      "integrity": "sha512-PV0dzCYDNfRi1jCDbJzpW7jNNDRuCOG/jI5ctQcGKt/clZD+YcPS3yIlWuTJMmESC8aevCFmWJy5wjAFgNqN6w=="
    },
    "resolve-from@4.0.0": {
      "integrity": "sha512-pb/MYmXstAkysRFx8piNI1tGFNQIFA3vkE3Gq4EuA1dF6gHp/+vgZqsCGJapvy8N3Q+4o7FwvquPJcnZ7RYy4g=="
    },
    "resolve-from@5.0.0": {
      "integrity": "sha512-qYg9KP24dD5qka9J47d0aVky0N+b4fTU89LN9iDnjB5waksiC49rvMB0PrUJQGoTmH50XPiqOvAjDfaijGxYZw=="
    },
    "resolve-pkg-maps@1.0.0": {
      "integrity": "sha512-seS2Tj26TBVOC2NIc2rOe2y2ZO7efxITtLZcGSOnHHNOQ7CkiUBfw0Iw2ck6xkIhPwLhKNLS8BO+hEpngQlqzw=="
    },
    "rolldown-plugin-dts@0.15.10_rolldown@1.0.0-beta.36_typescript@5.7.2": {
      "integrity": "sha512-8cPVAVQUo9tYAoEpc3jFV9RxSil13hrRRg8cHC9gLXxRMNtWPc1LNMSDXzjyD+5Vny49sDZH77JlXp/vlc4I3g==",
      "dependencies": [
        "@babel/generator",
        "@babel/parser",
        "@babel/types",
        "ast-kit",
        "birpc",
        "debug",
        "dts-resolver",
        "get-tsconfig",
        "rolldown",
        "typescript"
      ],
      "optionalPeers": [
        "typescript"
      ]
    },
    "rolldown@1.0.0-beta.36": {
      "integrity": "sha512-eethnJ/UfQWg2VWBDDMEu7IDvEh4WPbPb1azPWDCHcuOwoPT9C2NT4Y/ecZztCl9OBzXoA+CXXb5MS+qbukAig==",
      "dependencies": [
        "@oxc-project/runtime",
        "@oxc-project/types",
        "@rolldown/pluginutils",
        "ansis"
      ],
      "optionalDependencies": [
        "@rolldown/binding-android-arm64",
        "@rolldown/binding-darwin-arm64",
        "@rolldown/binding-darwin-x64",
        "@rolldown/binding-freebsd-x64",
        "@rolldown/binding-linux-arm-gnueabihf",
        "@rolldown/binding-linux-arm64-gnu",
        "@rolldown/binding-linux-arm64-musl",
        "@rolldown/binding-linux-x64-gnu",
        "@rolldown/binding-linux-x64-musl",
        "@rolldown/binding-openharmony-arm64",
        "@rolldown/binding-wasm32-wasi",
        "@rolldown/binding-win32-arm64-msvc",
        "@rolldown/binding-win32-ia32-msvc",
        "@rolldown/binding-win32-x64-msvc"
      ],
      "bin": true
    },
    "semver@7.7.2": {
      "integrity": "sha512-RF0Fw+rO5AMf9MAyaRXI4AV0Ulj5lMHqVxxdSgiVbixSCXoEmmX/jk0CuJw4+3SqroYO9VoUh+HcuJivvtJemA==",
      "bin": true
    },
    "tinyexec@1.0.1": {
      "integrity": "sha512-5uC6DDlmeqiOwCPmK9jMSdOuZTh8bU39Ys6yidB+UTt5hfZUPGAypSgFRiEp+jbi9qH40BLDvy85jIU88wKSqw=="
    },
    "tinyglobby@0.2.15_picomatch@4.0.3": {
      "integrity": "sha512-j2Zq4NyQYG5XMST4cbs02Ak8iJUdxRM0XI5QyxXuZOzKOINmWurp3smXu3y5wDcJrptwpSjgXHzIQxR0omXljQ==",
      "dependencies": [
        "fdir",
        "picomatch"
      ]
    },
    "tree-kill@1.2.2": {
      "integrity": "sha512-L0Orpi8qGpRG//Nd+H90vFB+3iHnue1zSSGmNOOCh1GLJ7rUKVwV2HvijphGQS2UmhUZewS9VgvxYIdgr+fG1A==",
      "bin": true
    },
    "tsdown@0.14.2_typescript@5.7.2_rolldown@1.0.0-beta.36": {
      "integrity": "sha512-6ThtxVZoTlR5YJov5rYvH8N1+/S/rD/pGfehdCLGznGgbxz+73EASV1tsIIZkLw2n+SXcERqHhcB/OkyxdKv3A==",
      "dependencies": [
        "ansis",
        "cac",
        "chokidar",
        "debug",
        "diff",
        "empathic",
        "hookable",
        "rolldown",
        "rolldown-plugin-dts",
        "semver",
        "tinyexec",
        "tinyglobby",
        "tree-kill",
        "typescript",
        "unconfig"
      ],
      "optionalPeers": [
        "typescript"
      ],
      "bin": true
    },
    "tslib@2.8.1": {
      "integrity": "sha512-oJFu94HQb+KVduSUQL7wnpmqnfmLsOA/nAh6b6EH0wCEoK0/mPeXU6c3wKDV83MkOuHPRHtSXKKU99IBazS/2w=="
    },
    "typescript@5.7.2": {
      "integrity": "sha512-i5t66RHxDvVN40HfDd1PsEThGNnlMCMT3jMUuoh9/0TaqWevNontacunWyN02LA9/fIbEWlcHZcgTKb9QoaLfg==",
      "bin": true
    },
    "unconfig@7.3.3": {
      "integrity": "sha512-QCkQoOnJF8L107gxfHL0uavn7WD9b3dpBcFX6HtfQYmjw2YzWxGuFQ0N0J6tE9oguCBJn9KOvfqYDCMPHIZrBA==",
      "dependencies": [
        "@quansync/fs",
        "defu",
        "jiti",
        "quansync"
      ]
    },
    "vscode-languageserver-textdocument@1.0.12": {
      "integrity": "sha512-cxWNPesCnQCcMPeenjKKsOCKQZ/L6Tv19DTRIGuLWe32lyzWhihGVJ/rcckZXJxfdKCFvRLS3fpBIsV/ZGX4zA=="
    },
    "vscode-uri@3.1.0": {
      "integrity": "sha512-/BpdSx+yCQGnCvecbyXdxHDkuk55/G3xwnC0GqY4gmQ3j+A+g8kzzgB4Nk/SINjqn6+waqw3EgbVF2QKExkRxQ=="
    },
    "xdg-basedir@5.1.0": {
      "integrity": "sha512-GCPAHLvrIH13+c0SuacwvRYj2SxJXQ4kaVTT5xgL3kPrz56XxkF21IGhjSE1+W0aw7gpBWRGXLCPnPby6lSpmQ=="
    },
    "yaml@2.8.1": {
      "integrity": "sha512-lcYcMxX2PO9XMGvAJkJ3OsNMw+/7FKes7/hgerGUYWIoWu5j/+YQqcZr5JnPZWzOsEBgMbSbiSTn/dv/69Mkpw==",
      "bin": true
    }
  },
  "workspace": {
    "dependencies": [
      "jsr:@std/assert@1"
    ],
    "packageJson": {
      "dependencies": [
        "npm:cspell@^8.16.1",
        "npm:lefthook@^1.9.2",
        "npm:tsdown@~0.14.2",
        "npm:typescript@^5.7.2"
      ]
    }
  }
}
